// !$*UTF8*$!
{
	archiveVersion = 1;
	classes = {
	};
	objectVersion = 45;
	objects = {

/* Begin PBXBuildFile section */
		1D3623260D0F684500981E51 /* GeoEvents_finalAppDelegate.m in Sources */ = {isa = PBXBuildFile; fileRef = 1D3623250D0F684500981E51 /* GeoEvents_finalAppDelegate.m */; };
		1D60589B0D05DD56006BFB54 /* main.m in Sources */ = {isa = PBXBuildFile; fileRef = 29B97316FDCFA39411CA2CEA /* main.m */; };
		1D60589F0D05DD5A006BFB54 /* Foundation.framework in Frameworks */ = {isa = PBXBuildFile; fileRef = 1D30AB110D05D00D00671497 /* Foundation.framework */; };
		1DF5F4E00D08C38300B7A737 /* UIKit.framework in Frameworks */ = {isa = PBXBuildFile; fileRef = 1DF5F4DF0D08C38300B7A737 /* UIKit.framework */; };
		2892E4100DC94CBA00A64D0F /* CoreGraphics.framework in Frameworks */ = {isa = PBXBuildFile; fileRef = 2892E40F0DC94CBA00A64D0F /* CoreGraphics.framework */; };
		28AD73600D9D9599002E5188 /* MainWindow.xib in Resources */ = {isa = PBXBuildFile; fileRef = 28AD735F0D9D9599002E5188 /* MainWindow.xib */; };
		4D8721F31139308000B3CB20 /* MapMarker.m in Sources */ = {isa = PBXBuildFile; fileRef = 4D8721F21139308000B3CB20 /* MapMarker.m */; };
		5B3AA9A010D20A8200E81307 /* SettingsViewController.m in Sources */ = {isa = PBXBuildFile; fileRef = 5B3AA99E10D20A8200E81307 /* SettingsViewController.m */; };
		5B3AA9A110D20A8200E81307 /* SettingsView.xib in Resources */ = {isa = PBXBuildFile; fileRef = 5B3AA99F10D20A8200E81307 /* SettingsView.xib */; };
		5B45527510D352780087F585 /* IndexViewController.m in Sources */ = {isa = PBXBuildFile; fileRef = 5B45527310D352780087F585 /* IndexViewController.m */; };
		5B45541F10D3D1650087F585 /* EditableDetailCell.m in Sources */ = {isa = PBXBuildFile; fileRef = 5B45541E10D3D1650087F585 /* EditableDetailCell.m */; };
		5B85658C10D6020500C8E54D /* lastfm.png in Resources */ = {isa = PBXBuildFile; fileRef = 5B85658B10D6020500C8E54D /* lastfm.png */; };
		5BA1286F10CE6E140024ADC6 /* SearchViewViewController.m in Sources */ = {isa = PBXBuildFile; fileRef = 5BA1286E10CE6E140024ADC6 /* SearchViewViewController.m */; };
		5BA1288A10CE71310024ADC6 /* DetailedViewViewController.m in Sources */ = {isa = PBXBuildFile; fileRef = 5BA1288910CE71310024ADC6 /* DetailedViewViewController.m */; };
		5BF286E210CDA142005EB7AB /* TBXML.m in Sources */ = {isa = PBXBuildFile; fileRef = 5BF286DE10CDA142005EB7AB /* TBXML.m */; };
		5BF286E310CDA142005EB7AB /* NSDataAdditions.m in Sources */ = {isa = PBXBuildFile; fileRef = 5BF286E010CDA142005EB7AB /* NSDataAdditions.m */; };
		5BF286E510CDA153005EB7AB /* libz.dylib in Frameworks */ = {isa = PBXBuildFile; fileRef = 5BF286E410CDA153005EB7AB /* libz.dylib */; };
		5BF286EA10CDA16B005EB7AB /* Event.m in Sources */ = {isa = PBXBuildFile; fileRef = 5BF286E910CDA16B005EB7AB /* Event.m */; };
		5BF2871310CDDE14005EB7AB /* CoreLocation.framework in Frameworks */ = {isa = PBXBuildFile; fileRef = 5BF2871210CDDE14005EB7AB /* CoreLocation.framework */; };
		5BF2871E10CDE5BC005EB7AB /* MyCLController.m in Sources */ = {isa = PBXBuildFile; fileRef = 5BF2871D10CDE5BC005EB7AB /* MyCLController.m */; };
		8C2A61A21135BA180039EC54 /* MapViewController.m in Sources */ = {isa = PBXBuildFile; fileRef = 8C2A61A11135BA180039EC54 /* MapViewController.m */; };
		8C2A61B71135BBB10039EC54 /* MapKit.framework in Frameworks */ = {isa = PBXBuildFile; fileRef = 8C2A61B61135BBB10039EC54 /* MapKit.framework */; };
		8C4FD41D111B9F3700A332CA /* AboutViewController.m in Sources */ = {isa = PBXBuildFile; fileRef = 8C4FD41C111B9F3700A332CA /* AboutViewController.m */; };
		8CC1A9C211236DEA00BA6497 /* FacebookViewController.m in Sources */ = {isa = PBXBuildFile; fileRef = 8CC1A9C111236DEA00BA6497 /* FacebookViewController.m */; };
		8CC1A9C511236E0100BA6497 /* LastfmViewController.m in Sources */ = {isa = PBXBuildFile; fileRef = 8CC1A9C411236E0100BA6497 /* LastfmViewController.m */; };
		A648D30F135E32AC00BC529E /* sky.png in Resources */ = {isa = PBXBuildFile; fileRef = A648D30E135E32AC00BC529E /* sky.png */; };
		A648D329135E33B900BC529E /* SphereBackgroundView.m in Sources */ = {isa = PBXBuildFile; fileRef = A648D327135E33B900BC529E /* SphereBackgroundView.m */; };
		A648D331135E33F400BC529E /* sphere.obj in Resources */ = {isa = PBXBuildFile; fileRef = A648D330135E33F400BC529E /* sphere.obj */; };
		A648D387135E401100BC529E /* pano_bg.png in Resources */ = {isa = PBXBuildFile; fileRef = A648D386135E401100BC529E /* pano_bg.png */; };
		A648D584135F9D5800BC529E /* music_icon.png in Resources */ = {isa = PBXBuildFile; fileRef = A648D583135F9D5800BC529E /* music_icon.png */; };
		A648D6D6136017AA00BC529E /* music_icon@2x.png in Resources */ = {isa = PBXBuildFile; fileRef = A648D6D5136017AA00BC529E /* music_icon@2x.png */; };
		A648D6F31360211200BC529E /* MarkerCalloutView.m in Sources */ = {isa = PBXBuildFile; fileRef = A648D6F21360211200BC529E /* MarkerCalloutView.m */; };
		A648D80413604E7E00BC529E /* music_icon_focused.png in Resources */ = {isa = PBXBuildFile; fileRef = A648D80213604E7E00BC529E /* music_icon_focused.png */; };
		A648D80513604E7E00BC529E /* music_icon_focused@2x.png in Resources */ = {isa = PBXBuildFile; fileRef = A648D80313604E7E00BC529E /* music_icon_focused@2x.png */; };
		A6645364135E017D00E93CF4 /* lib3DAR.a in Frameworks */ = {isa = PBXBuildFile; fileRef = A6645363135E017D00E93CF4 /* lib3DAR.a */; };
		A6645377135E01D700E93CF4 /* Icon.png in Resources */ = {isa = PBXBuildFile; fileRef = A6645375135E01D700E93CF4 /* Icon.png */; };
		A6645378135E01D700E93CF4 /* Default.png in Resources */ = {isa = PBXBuildFile; fileRef = A6645376135E01D700E93CF4 /* Default.png */; };
		A69F2542135919D90091A696 /* 3dar.plist in Resources */ = {isa = PBXBuildFile; fileRef = A69F252E135919D80091A696 /* 3dar.plist */; };
		A69F2543135919D90091A696 /* 3dar_logo.png in Resources */ = {isa = PBXBuildFile; fileRef = A69F252F135919D80091A696 /* 3dar_logo.png */; };
		A69F2544135919D90091A696 /* 3dar_marker_icon1.png in Resources */ = {isa = PBXBuildFile; fileRef = A69F2530135919D80091A696 /* 3dar_marker_icon1.png */; };
		A69F2545135919D90091A696 /* 3dar_marker_icon2.png in Resources */ = {isa = PBXBuildFile; fileRef = A69F2531135919D80091A696 /* 3dar_marker_icon2.png */; };
		A69F2546135919D90091A696 /* 3dar_marker_icon3.png in Resources */ = {isa = PBXBuildFile; fileRef = A69F2532135919D80091A696 /* 3dar_marker_icon3.png */; };
		A69F2547135919D90091A696 /* 3dar_marker_icon4.png in Resources */ = {isa = PBXBuildFile; fileRef = A69F2533135919D80091A696 /* 3dar_marker_icon4.png */; };
		A69F2548135919D90091A696 /* 3dar_marker_icon5.png in Resources */ = {isa = PBXBuildFile; fileRef = A69F2534135919D80091A696 /* 3dar_marker_icon5.png */; };
		A69F2549135919D90091A696 /* 3dar_marker_icon6.png in Resources */ = {isa = PBXBuildFile; fileRef = A69F2535135919D80091A696 /* 3dar_marker_icon6.png */; };
		A69F254A135919D90091A696 /* bubble1.png in Resources */ = {isa = PBXBuildFile; fileRef = A69F2536135919D80091A696 /* bubble1.png */; };
		A69F254B135919D90091A696 /* compass_rose.png in Resources */ = {isa = PBXBuildFile; fileRef = A69F2537135919D80091A696 /* compass_rose.png */; };
		A69F254D135919D90091A696 /* pushpin_1.0.obj in Resources */ = {isa = PBXBuildFile; fileRef = A69F253A135919D90091A696 /* pushpin_1.0.obj */; };
		A69F254E135919D90091A696 /* PushpinView.m in Sources */ = {isa = PBXBuildFile; fileRef = A69F253C135919D90091A696 /* PushpinView.m */; };
		A69F254F135919D90091A696 /* red.png in Resources */ = {isa = PBXBuildFile; fileRef = A69F253D135919D90091A696 /* red.png */; };
		A69F2550135919D90091A696 /* SM3DAR_keys.txt in Resources */ = {isa = PBXBuildFile; fileRef = A69F253F135919D90091A696 /* SM3DAR_keys.txt */; };
		A69F2551135919D90091A696 /* SM3DARMapView.m in Sources */ = {isa = PBXBuildFile; fileRef = A69F2541135919D90091A696 /* SM3DARMapView.m */; };
		A69F256B13591ACD0091A696 /* TexturedGeometryView.m in Sources */ = {isa = PBXBuildFile; fileRef = A69F256A13591ACD0091A696 /* TexturedGeometryView.m */; };
		A69F259813591BF10091A696 /* OpenGLES.framework in Frameworks */ = {isa = PBXBuildFile; fileRef = A69F259713591BF10091A696 /* OpenGLES.framework */; };
		A69F259E13591C000091A696 /* QuartzCore.framework in Frameworks */ = {isa = PBXBuildFile; fileRef = A69F259D13591C000091A696 /* QuartzCore.framework */; };
		A69F25A413591C0B0091A696 /* CoreMotion.framework in Frameworks */ = {isa = PBXBuildFile; fileRef = A69F25A313591C0B0091A696 /* CoreMotion.framework */; settings = {ATTRIBUTES = (Weak, ); }; };
/* End PBXBuildFile section */

/* Begin PBXFileReference section */
		1D30AB110D05D00D00671497 /* Foundation.framework */ = {isa = PBXFileReference; lastKnownFileType = wrapper.framework; name = Foundation.framework; path = System/Library/Frameworks/Foundation.framework; sourceTree = SDKROOT; };
		1D3623240D0F684500981E51 /* GeoEvents_finalAppDelegate.h */ = {isa = PBXFileReference; fileEncoding = 4; lastKnownFileType = sourcecode.c.h; path = GeoEvents_finalAppDelegate.h; sourceTree = "<group>"; };
		1D3623250D0F684500981E51 /* GeoEvents_finalAppDelegate.m */ = {isa = PBXFileReference; fileEncoding = 4; lastKnownFileType = sourcecode.c.objc; path = GeoEvents_finalAppDelegate.m; sourceTree = "<group>"; };
		1D6058910D05DD3D006BFB54 /* GeoEvents.app */ = {isa = PBXFileReference; explicitFileType = wrapper.application; includeInIndex = 0; path = GeoEvents.app; sourceTree = BUILT_PRODUCTS_DIR; };
		1DF5F4DF0D08C38300B7A737 /* UIKit.framework */ = {isa = PBXFileReference; lastKnownFileType = wrapper.framework; name = UIKit.framework; path = System/Library/Frameworks/UIKit.framework; sourceTree = SDKROOT; };
		2892E40F0DC94CBA00A64D0F /* CoreGraphics.framework */ = {isa = PBXFileReference; lastKnownFileType = wrapper.framework; name = CoreGraphics.framework; path = System/Library/Frameworks/CoreGraphics.framework; sourceTree = SDKROOT; };
		28A0AAE50D9B0CCF005BE974 /* GeoEvents_Prefix.pch */ = {isa = PBXFileReference; fileEncoding = 4; lastKnownFileType = sourcecode.c.h; path = GeoEvents_Prefix.pch; sourceTree = "<group>"; };
		28AD735F0D9D9599002E5188 /* MainWindow.xib */ = {isa = PBXFileReference; lastKnownFileType = file.xib; path = MainWindow.xib; sourceTree = "<group>"; };
		29B97316FDCFA39411CA2CEA /* main.m */ = {isa = PBXFileReference; fileEncoding = 4; lastKnownFileType = sourcecode.c.objc; path = main.m; sourceTree = "<group>"; };
		4D8721F11139308000B3CB20 /* MapMarker.h */ = {isa = PBXFileReference; fileEncoding = 4; lastKnownFileType = sourcecode.c.h; path = MapMarker.h; sourceTree = "<group>"; };
		4D8721F21139308000B3CB20 /* MapMarker.m */ = {isa = PBXFileReference; fileEncoding = 4; lastKnownFileType = sourcecode.c.objc; path = MapMarker.m; sourceTree = "<group>"; };
		5B3AA99D10D20A8200E81307 /* SettingsViewController.h */ = {isa = PBXFileReference; fileEncoding = 4; lastKnownFileType = sourcecode.c.h; path = SettingsViewController.h; sourceTree = "<group>"; };
		5B3AA99E10D20A8200E81307 /* SettingsViewController.m */ = {isa = PBXFileReference; fileEncoding = 4; lastKnownFileType = sourcecode.c.objc; path = SettingsViewController.m; sourceTree = "<group>"; };
		5B3AA99F10D20A8200E81307 /* SettingsView.xib */ = {isa = PBXFileReference; lastKnownFileType = file.xib; name = SettingsView.xib; path = Classes/SettingsView.xib; sourceTree = "<group>"; };
		5B45527210D352780087F585 /* IndexViewController.h */ = {isa = PBXFileReference; fileEncoding = 4; lastKnownFileType = sourcecode.c.h; name = IndexViewController.h; path = ../IndexViewController.h; sourceTree = "<group>"; };
		5B45527310D352780087F585 /* IndexViewController.m */ = {isa = PBXFileReference; fileEncoding = 4; lastKnownFileType = sourcecode.c.objc; name = IndexViewController.m; path = ../IndexViewController.m; sourceTree = "<group>"; };
		5B45541D10D3D1650087F585 /* EditableDetailCell.h */ = {isa = PBXFileReference; fileEncoding = 4; lastKnownFileType = sourcecode.c.h; path = EditableDetailCell.h; sourceTree = "<group>"; };
		5B45541E10D3D1650087F585 /* EditableDetailCell.m */ = {isa = PBXFileReference; fileEncoding = 4; lastKnownFileType = sourcecode.c.objc; path = EditableDetailCell.m; sourceTree = "<group>"; };
		5B85658B10D6020500C8E54D /* lastfm.png */ = {isa = PBXFileReference; lastKnownFileType = image.png; path = lastfm.png; sourceTree = "<group>"; };
		5BA1286D10CE6E140024ADC6 /* SearchViewViewController.h */ = {isa = PBXFileReference; fileEncoding = 4; lastKnownFileType = sourcecode.c.h; name = SearchViewViewController.h; path = ../SearchViewViewController.h; sourceTree = "<group>"; };
		5BA1286E10CE6E140024ADC6 /* SearchViewViewController.m */ = {isa = PBXFileReference; fileEncoding = 4; lastKnownFileType = sourcecode.c.objc; name = SearchViewViewController.m; path = ../SearchViewViewController.m; sourceTree = "<group>"; };
		5BA1288810CE71310024ADC6 /* DetailedViewViewController.h */ = {isa = PBXFileReference; fileEncoding = 4; lastKnownFileType = sourcecode.c.h; path = DetailedViewViewController.h; sourceTree = "<group>"; };
		5BA1288910CE71310024ADC6 /* DetailedViewViewController.m */ = {isa = PBXFileReference; fileEncoding = 4; lastKnownFileType = sourcecode.c.objc; path = DetailedViewViewController.m; sourceTree = "<group>"; };
		5BF286DE10CDA142005EB7AB /* TBXML.m */ = {isa = PBXFileReference; fileEncoding = 4; lastKnownFileType = sourcecode.c.objc; path = TBXML.m; sourceTree = "<group>"; };
		5BF286DF10CDA142005EB7AB /* TBXML.h */ = {isa = PBXFileReference; fileEncoding = 4; lastKnownFileType = sourcecode.c.h; path = TBXML.h; sourceTree = "<group>"; };
		5BF286E010CDA142005EB7AB /* NSDataAdditions.m */ = {isa = PBXFileReference; fileEncoding = 4; lastKnownFileType = sourcecode.c.objc; path = NSDataAdditions.m; sourceTree = "<group>"; };
		5BF286E110CDA142005EB7AB /* NSDataAdditions.h */ = {isa = PBXFileReference; fileEncoding = 4; lastKnownFileType = sourcecode.c.h; path = NSDataAdditions.h; sourceTree = "<group>"; };
		5BF286E410CDA153005EB7AB /* libz.dylib */ = {isa = PBXFileReference; lastKnownFileType = "compiled.mach-o.dylib"; name = libz.dylib; path = usr/lib/libz.dylib; sourceTree = SDKROOT; };
		5BF286E810CDA16B005EB7AB /* Event.h */ = {isa = PBXFileReference; fileEncoding = 4; lastKnownFileType = sourcecode.c.h; name = Event.h; path = ../Event.h; sourceTree = "<group>"; };
		5BF286E910CDA16B005EB7AB /* Event.m */ = {isa = PBXFileReference; fileEncoding = 4; lastKnownFileType = sourcecode.c.objc; name = Event.m; path = ../Event.m; sourceTree = "<group>"; };
		5BF2871210CDDE14005EB7AB /* CoreLocation.framework */ = {isa = PBXFileReference; lastKnownFileType = wrapper.framework; name = CoreLocation.framework; path = System/Library/Frameworks/CoreLocation.framework; sourceTree = SDKROOT; };
		5BF2871C10CDE5BC005EB7AB /* MyCLController.h */ = {isa = PBXFileReference; fileEncoding = 4; lastKnownFileType = sourcecode.c.h; name = MyCLController.h; path = ../MyCLController.h; sourceTree = "<group>"; };
		5BF2871D10CDE5BC005EB7AB /* MyCLController.m */ = {isa = PBXFileReference; fileEncoding = 4; lastKnownFileType = sourcecode.c.objc; name = MyCLController.m; path = ../MyCLController.m; sourceTree = "<group>"; };
		8C2A61A01135BA180039EC54 /* MapViewController.h */ = {isa = PBXFileReference; fileEncoding = 4; lastKnownFileType = sourcecode.c.h; path = MapViewController.h; sourceTree = "<group>"; };
		8C2A61A11135BA180039EC54 /* MapViewController.m */ = {isa = PBXFileReference; fileEncoding = 4; lastKnownFileType = sourcecode.c.objc; path = MapViewController.m; sourceTree = "<group>"; };
		8C2A61B61135BBB10039EC54 /* MapKit.framework */ = {isa = PBXFileReference; lastKnownFileType = wrapper.framework; name = MapKit.framework; path = System/Library/Frameworks/MapKit.framework; sourceTree = SDKROOT; };
		8C4FD41B111B9F3700A332CA /* AboutViewController.h */ = {isa = PBXFileReference; fileEncoding = 4; lastKnownFileType = sourcecode.c.h; path = AboutViewController.h; sourceTree = "<group>"; };
		8C4FD41C111B9F3700A332CA /* AboutViewController.m */ = {isa = PBXFileReference; fileEncoding = 4; lastKnownFileType = sourcecode.c.objc; path = AboutViewController.m; sourceTree = "<group>"; };
		8CACF7E511342354007D6247 /* GlobalHeader.h */ = {isa = PBXFileReference; fileEncoding = 4; lastKnownFileType = sourcecode.c.h; path = GlobalHeader.h; sourceTree = "<group>"; };
		8CC1A9C011236DEA00BA6497 /* FacebookViewController.h */ = {isa = PBXFileReference; fileEncoding = 4; lastKnownFileType = sourcecode.c.h; name = FacebookViewController.h; path = ../FacebookViewController.h; sourceTree = "<group>"; };
		8CC1A9C111236DEA00BA6497 /* FacebookViewController.m */ = {isa = PBXFileReference; fileEncoding = 4; lastKnownFileType = sourcecode.c.objc; name = FacebookViewController.m; path = ../FacebookViewController.m; sourceTree = "<group>"; };
		8CC1A9C311236E0100BA6497 /* LastfmViewController.h */ = {isa = PBXFileReference; fileEncoding = 4; lastKnownFileType = sourcecode.c.h; path = LastfmViewController.h; sourceTree = "<group>"; };
		8CC1A9C411236E0100BA6497 /* LastfmViewController.m */ = {isa = PBXFileReference; fileEncoding = 4; lastKnownFileType = sourcecode.c.objc; path = LastfmViewController.m; sourceTree = "<group>"; };
		8D1107310486CEB800E47090 /* GeoEvents-Info.plist */ = {isa = PBXFileReference; fileEncoding = 4; lastKnownFileType = text.plist.xml; path = "GeoEvents-Info.plist"; plistStructureDefinitionIdentifier = "com.apple.xcode.plist.structure-definition.iphone.info-plist"; sourceTree = "<group>"; };
		A648D30E135E32AC00BC529E /* sky.png */ = {isa = PBXFileReference; lastKnownFileType = image.png; path = sky.png; sourceTree = "<group>"; };
		A648D327135E33B900BC529E /* SphereBackgroundView.m */ = {isa = PBXFileReference; fileEncoding = 4; lastKnownFileType = sourcecode.c.objc; path = SphereBackgroundView.m; sourceTree = "<group>"; };
		A648D328135E33B900BC529E /* SphereBackgroundView.h */ = {isa = PBXFileReference; fileEncoding = 4; lastKnownFileType = sourcecode.c.h; path = SphereBackgroundView.h; sourceTree = "<group>"; };
		A648D330135E33F400BC529E /* sphere.obj */ = {isa = PBXFileReference; fileEncoding = 4; lastKnownFileType = text; path = sphere.obj; sourceTree = "<group>"; };
		A648D386135E401100BC529E /* pano_bg.png */ = {isa = PBXFileReference; lastKnownFileType = image.png; path = pano_bg.png; sourceTree = "<group>"; };
		A648D583135F9D5800BC529E /* music_icon.png */ = {isa = PBXFileReference; lastKnownFileType = image.png; path = music_icon.png; sourceTree = "<group>"; };
		A648D6D5136017AA00BC529E /* music_icon@2x.png */ = {isa = PBXFileReference; lastKnownFileType = image.png; path = "music_icon@2x.png"; sourceTree = "<group>"; };
		A648D6F11360211200BC529E /* MarkerCalloutView.h */ = {isa = PBXFileReference; fileEncoding = 4; lastKnownFileType = sourcecode.c.h; path = MarkerCalloutView.h; sourceTree = "<group>"; };
		A648D6F21360211200BC529E /* MarkerCalloutView.m */ = {isa = PBXFileReference; fileEncoding = 4; lastKnownFileType = sourcecode.c.objc; path = MarkerCalloutView.m; sourceTree = "<group>"; };
		A648D80213604E7E00BC529E /* music_icon_focused.png */ = {isa = PBXFileReference; lastKnownFileType = image.png; path = music_icon_focused.png; sourceTree = "<group>"; };
		A648D80313604E7E00BC529E /* music_icon_focused@2x.png */ = {isa = PBXFileReference; lastKnownFileType = image.png; path = "music_icon_focused@2x.png"; sourceTree = "<group>"; };
		A6645363135E017D00E93CF4 /* lib3DAR.a */ = {isa = PBXFileReference; lastKnownFileType = archive.ar; name = lib3DAR.a; path = "../../../Library/iOS/build/Debug-iphoneos/lib3DAR.a"; sourceTree = SOURCE_ROOT; };
		A6645375135E01D700E93CF4 /* Icon.png */ = {isa = PBXFileReference; lastKnownFileType = image.png; path = Icon.png; sourceTree = "<group>"; };
		A6645376135E01D700E93CF4 /* Default.png */ = {isa = PBXFileReference; lastKnownFileType = image.png; path = Default.png; sourceTree = "<group>"; };
		A69F252E135919D80091A696 /* 3dar.plist */ = {isa = PBXFileReference; fileEncoding = 4; lastKnownFileType = text.plist.xml; path = 3dar.plist; sourceTree = "<group>"; };
		A69F252F135919D80091A696 /* 3dar_logo.png */ = {isa = PBXFileReference; lastKnownFileType = image.png; path = 3dar_logo.png; sourceTree = "<group>"; };
		A69F2530135919D80091A696 /* 3dar_marker_icon1.png */ = {isa = PBXFileReference; lastKnownFileType = image.png; path = 3dar_marker_icon1.png; sourceTree = "<group>"; };
		A69F2531135919D80091A696 /* 3dar_marker_icon2.png */ = {isa = PBXFileReference; lastKnownFileType = image.png; path = 3dar_marker_icon2.png; sourceTree = "<group>"; };
		A69F2532135919D80091A696 /* 3dar_marker_icon3.png */ = {isa = PBXFileReference; lastKnownFileType = image.png; path = 3dar_marker_icon3.png; sourceTree = "<group>"; };
		A69F2533135919D80091A696 /* 3dar_marker_icon4.png */ = {isa = PBXFileReference; lastKnownFileType = image.png; path = 3dar_marker_icon4.png; sourceTree = "<group>"; };
		A69F2534135919D80091A696 /* 3dar_marker_icon5.png */ = {isa = PBXFileReference; lastKnownFileType = image.png; path = 3dar_marker_icon5.png; sourceTree = "<group>"; };
		A69F2535135919D80091A696 /* 3dar_marker_icon6.png */ = {isa = PBXFileReference; lastKnownFileType = image.png; path = 3dar_marker_icon6.png; sourceTree = "<group>"; };
		A69F2536135919D80091A696 /* bubble1.png */ = {isa = PBXFileReference; lastKnownFileType = image.png; path = bubble1.png; sourceTree = "<group>"; };
		A69F2537135919D80091A696 /* compass_rose.png */ = {isa = PBXFileReference; lastKnownFileType = image.png; path = compass_rose.png; sourceTree = "<group>"; };
		A69F2539135919D90091A696 /* Pushpin.h */ = {isa = PBXFileReference; fileEncoding = 4; lastKnownFileType = sourcecode.c.h; path = Pushpin.h; sourceTree = "<group>"; };
		A69F253A135919D90091A696 /* pushpin_1.0.obj */ = {isa = PBXFileReference; fileEncoding = 4; lastKnownFileType = text; path = pushpin_1.0.obj; sourceTree = "<group>"; };
		A69F253B135919D90091A696 /* PushpinView.h */ = {isa = PBXFileReference; fileEncoding = 4; lastKnownFileType = sourcecode.c.h; path = PushpinView.h; sourceTree = "<group>"; };
		A69F253C135919D90091A696 /* PushpinView.m */ = {isa = PBXFileReference; fileEncoding = 4; lastKnownFileType = sourcecode.c.objc; path = PushpinView.m; sourceTree = "<group>"; };
		A69F253D135919D90091A696 /* red.png */ = {isa = PBXFileReference; lastKnownFileType = image.png; path = red.png; sourceTree = "<group>"; };
		A69F253E135919D90091A696 /* SM3DAR.h */ = {isa = PBXFileReference; fileEncoding = 4; lastKnownFileType = sourcecode.c.h; path = SM3DAR.h; sourceTree = "<group>"; };
		A69F253F135919D90091A696 /* SM3DAR_keys.txt */ = {isa = PBXFileReference; fileEncoding = 4; lastKnownFileType = text; path = SM3DAR_keys.txt; sourceTree = "<group>"; };
		A69F2540135919D90091A696 /* SM3DARMapView.h */ = {isa = PBXFileReference; fileEncoding = 4; lastKnownFileType = sourcecode.c.h; path = SM3DARMapView.h; sourceTree = "<group>"; };
		A69F2541135919D90091A696 /* SM3DARMapView.m */ = {isa = PBXFileReference; fileEncoding = 4; lastKnownFileType = sourcecode.c.objc; path = SM3DARMapView.m; sourceTree = "<group>"; };
		A69F256913591ACD0091A696 /* TexturedGeometryView.h */ = {isa = PBXFileReference; fileEncoding = 4; lastKnownFileType = sourcecode.c.h; path = TexturedGeometryView.h; sourceTree = "<group>"; };
		A69F256A13591ACD0091A696 /* TexturedGeometryView.m */ = {isa = PBXFileReference; fileEncoding = 4; lastKnownFileType = sourcecode.c.objc; path = TexturedGeometryView.m; sourceTree = "<group>"; };
		A69F259713591BF10091A696 /* OpenGLES.framework */ = {isa = PBXFileReference; lastKnownFileType = wrapper.framework; name = OpenGLES.framework; path = System/Library/Frameworks/OpenGLES.framework; sourceTree = SDKROOT; };
		A69F259D13591C000091A696 /* QuartzCore.framework */ = {isa = PBXFileReference; lastKnownFileType = wrapper.framework; name = QuartzCore.framework; path = System/Library/Frameworks/QuartzCore.framework; sourceTree = SDKROOT; };
		A69F25A313591C0B0091A696 /* CoreMotion.framework */ = {isa = PBXFileReference; lastKnownFileType = wrapper.framework; name = CoreMotion.framework; path = System/Library/Frameworks/CoreMotion.framework; sourceTree = SDKROOT; };
/* End PBXFileReference section */

/* Begin PBXFrameworksBuildPhase section */
		1D60588F0D05DD3D006BFB54 /* Frameworks */ = {
			isa = PBXFrameworksBuildPhase;
			buildActionMask = 2147483647;
			files = (
				1D60589F0D05DD5A006BFB54 /* Foundation.framework in Frameworks */,
				1DF5F4E00D08C38300B7A737 /* UIKit.framework in Frameworks */,
				2892E4100DC94CBA00A64D0F /* CoreGraphics.framework in Frameworks */,
				5BF286E510CDA153005EB7AB /* libz.dylib in Frameworks */,
				5BF2871310CDDE14005EB7AB /* CoreLocation.framework in Frameworks */,
				8C2A61B71135BBB10039EC54 /* MapKit.framework in Frameworks */,
				A69F259813591BF10091A696 /* OpenGLES.framework in Frameworks */,
				A69F259E13591C000091A696 /* QuartzCore.framework in Frameworks */,
				A69F25A413591C0B0091A696 /* CoreMotion.framework in Frameworks */,
				A6645364135E017D00E93CF4 /* lib3DAR.a in Frameworks */,
			);
			runOnlyForDeploymentPostprocessing = 0;
		};
/* End PBXFrameworksBuildPhase section */

/* Begin PBXGroup section */
		080E96DDFE201D6D7F000001 /* Classes */ = {
			isa = PBXGroup;
			children = (
				8CACF7E511342354007D6247 /* GlobalHeader.h */,
				5B45527210D352780087F585 /* IndexViewController.h */,
				5B45527310D352780087F585 /* IndexViewController.m */,
				8CC1A9DA11236E9800BA6497 /* Search */,
				8CC1A9D011236E4300BA6497 /* Settings */,
				5B45541D10D3D1650087F585 /* EditableDetailCell.h */,
				5B45541E10D3D1650087F585 /* EditableDetailCell.m */,
				5BF2871C10CDE5BC005EB7AB /* MyCLController.h */,
				5BF2871D10CDE5BC005EB7AB /* MyCLController.m */,
				5BF286E810CDA16B005EB7AB /* Event.h */,
				5BF286E910CDA16B005EB7AB /* Event.m */,
				1D3623240D0F684500981E51 /* GeoEvents_finalAppDelegate.h */,
				1D3623250D0F684500981E51 /* GeoEvents_finalAppDelegate.m */,
			);
			path = Classes;
			sourceTree = "<group>";
		};
		19C28FACFE9D520D11CA2CBB /* Products */ = {
			isa = PBXGroup;
			children = (
				1D6058910D05DD3D006BFB54 /* GeoEvents.app */,
			);
			name = Products;
			sourceTree = "<group>";
		};
		29B97314FDCFA39411CA2CEA /* CustomTemplate */ = {
			isa = PBXGroup;
			children = (
				A69F252D135919D80091A696 /* 3DAR */,
				5BF286DB10CDA12F005EB7AB /* TBXML */,
				080E96DDFE201D6D7F000001 /* Classes */,
				29B97315FDCFA39411CA2CEA /* Other Sources */,
				29B97317FDCFA39411CA2CEA /* Resources */,
				29B97323FDCFA39411CA2CEA /* Frameworks */,
				19C28FACFE9D520D11CA2CBB /* Products */,
			);
			name = CustomTemplate;
			sourceTree = "<group>";
		};
		29B97315FDCFA39411CA2CEA /* Other Sources */ = {
			isa = PBXGroup;
			children = (
				28A0AAE50D9B0CCF005BE974 /* GeoEvents_Prefix.pch */,
				29B97316FDCFA39411CA2CEA /* main.m */,
			);
			name = "Other Sources";
			sourceTree = "<group>";
		};
		29B97317FDCFA39411CA2CEA /* Resources */ = {
			isa = PBXGroup;
			children = (
				A6645375135E01D700E93CF4 /* Icon.png */,
				A6645376135E01D700E93CF4 /* Default.png */,
				5B85658B10D6020500C8E54D /* lastfm.png */,
				5B3AA99F10D20A8200E81307 /* SettingsView.xib */,
				28AD735F0D9D9599002E5188 /* MainWindow.xib */,
				8D1107310486CEB800E47090 /* GeoEvents-Info.plist */,
			);
			name = Resources;
			sourceTree = "<group>";
		};
		29B97323FDCFA39411CA2CEA /* Frameworks */ = {
			isa = PBXGroup;
			children = (
				A69F259713591BF10091A696 /* OpenGLES.framework */,
				A69F259D13591C000091A696 /* QuartzCore.framework */,
				A69F25A313591C0B0091A696 /* CoreMotion.framework */,
				8C2A61B61135BBB10039EC54 /* MapKit.framework */,
				5BF286E410CDA153005EB7AB /* libz.dylib */,
				5BF2871210CDDE14005EB7AB /* CoreLocation.framework */,
				1DF5F4DF0D08C38300B7A737 /* UIKit.framework */,
				1D30AB110D05D00D00671497 /* Foundation.framework */,
				2892E40F0DC94CBA00A64D0F /* CoreGraphics.framework */,
			);
			name = Frameworks;
			sourceTree = "<group>";
		};
		5BF286DB10CDA12F005EB7AB /* TBXML */ = {
			isa = PBXGroup;
			children = (
				5BF286DE10CDA142005EB7AB /* TBXML.m */,
				5BF286DF10CDA142005EB7AB /* TBXML.h */,
				5BF286E010CDA142005EB7AB /* NSDataAdditions.m */,
				5BF286E110CDA142005EB7AB /* NSDataAdditions.h */,
			);
			name = TBXML;
			sourceTree = "<group>";
		};
		8CC1A9CF11236E2300BA6497 /* SocialMedia */ = {
			isa = PBXGroup;
			children = (
				8CC1A9C311236E0100BA6497 /* LastfmViewController.h */,
				8CC1A9C411236E0100BA6497 /* LastfmViewController.m */,
				8CC1A9C011236DEA00BA6497 /* FacebookViewController.h */,
				8CC1A9C111236DEA00BA6497 /* FacebookViewController.m */,
			);
			name = SocialMedia;
			sourceTree = "<group>";
		};
		8CC1A9D011236E4300BA6497 /* Settings */ = {
			isa = PBXGroup;
			children = (
				8C4FD41B111B9F3700A332CA /* AboutViewController.h */,
				5B3AA99D10D20A8200E81307 /* SettingsViewController.h */,
				5B3AA99E10D20A8200E81307 /* SettingsViewController.m */,
				8C4FD41C111B9F3700A332CA /* AboutViewController.m */,
				8CC1A9CF11236E2300BA6497 /* SocialMedia */,
			);
			name = Settings;
			sourceTree = "<group>";
		};
		8CC1A9DA11236E9800BA6497 /* Search */ = {
			isa = PBXGroup;
			children = (
				4D8721F11139308000B3CB20 /* MapMarker.h */,
				4D8721F21139308000B3CB20 /* MapMarker.m */,
				8C2A61A01135BA180039EC54 /* MapViewController.h */,
				8C2A61A11135BA180039EC54 /* MapViewController.m */,
				5BA1286D10CE6E140024ADC6 /* SearchViewViewController.h */,
				5BA1288810CE71310024ADC6 /* DetailedViewViewController.h */,
				5BA1288910CE71310024ADC6 /* DetailedViewViewController.m */,
				5BA1286E10CE6E140024ADC6 /* SearchViewViewController.m */,
			);
			name = Search;
			sourceTree = "<group>";
		};
		A69F252D135919D80091A696 /* 3DAR */ = {
			isa = PBXGroup;
			children = (
				A6645363135E017D00E93CF4 /* lib3DAR.a */,
				A69F252E135919D80091A696 /* 3dar.plist */,
				A69F252F135919D80091A696 /* 3dar_logo.png */,
				A69F2530135919D80091A696 /* 3dar_marker_icon1.png */,
				A69F2531135919D80091A696 /* 3dar_marker_icon2.png */,
				A69F2532135919D80091A696 /* 3dar_marker_icon3.png */,
				A69F2533135919D80091A696 /* 3dar_marker_icon4.png */,
				A69F2534135919D80091A696 /* 3dar_marker_icon5.png */,
				A69F2535135919D80091A696 /* 3dar_marker_icon6.png */,
				A69F2536135919D80091A696 /* bubble1.png */,
				A69F2537135919D80091A696 /* compass_rose.png */,
				A648D583135F9D5800BC529E /* music_icon.png */,
				A648D6D5136017AA00BC529E /* music_icon@2x.png */,
				A648D80213604E7E00BC529E /* music_icon_focused.png */,
				A648D80313604E7E00BC529E /* music_icon_focused@2x.png */,
				A648D386135E401100BC529E /* pano_bg.png */,
				A69F2539135919D90091A696 /* Pushpin.h */,
				A69F253A135919D90091A696 /* pushpin_1.0.obj */,
				A69F253B135919D90091A696 /* PushpinView.h */,
				A69F253C135919D90091A696 /* PushpinView.m */,
				A69F253D135919D90091A696 /* red.png */,
				A648D30E135E32AC00BC529E /* sky.png */,
				A69F253E135919D90091A696 /* SM3DAR.h */,
				A69F253F135919D90091A696 /* SM3DAR_keys.txt */,
				A69F2540135919D90091A696 /* SM3DARMapView.h */,
				A69F2541135919D90091A696 /* SM3DARMapView.m */,
				A648D330135E33F400BC529E /* sphere.obj */,
				A648D328135E33B900BC529E /* SphereBackgroundView.h */,
				A648D327135E33B900BC529E /* SphereBackgroundView.m */,
				A69F256913591ACD0091A696 /* TexturedGeometryView.h */,
				A69F256A13591ACD0091A696 /* TexturedGeometryView.m */,
				A648D6F11360211200BC529E /* MarkerCalloutView.h */,
				A648D6F21360211200BC529E /* MarkerCalloutView.m */,
			);
			path = 3DAR;
			sourceTree = "<group>";
		};
/* End PBXGroup section */

/* Begin PBXNativeTarget section */
		1D6058900D05DD3D006BFB54 /* GeoEvents */ = {
			isa = PBXNativeTarget;
			buildConfigurationList = 1D6058960D05DD3E006BFB54 /* Build configuration list for PBXNativeTarget "GeoEvents" */;
			buildPhases = (
				1D60588D0D05DD3D006BFB54 /* Resources */,
				1D60588E0D05DD3D006BFB54 /* Sources */,
				1D60588F0D05DD3D006BFB54 /* Frameworks */,
			);
			buildRules = (
			);
			dependencies = (
			);
			name = GeoEvents;
			productName = GeoEvents_final;
			productReference = 1D6058910D05DD3D006BFB54 /* GeoEvents.app */;
			productType = "com.apple.product-type.application";
		};
/* End PBXNativeTarget section */

/* Begin PBXProject section */
		29B97313FDCFA39411CA2CEA /* Project object */ = {
			isa = PBXProject;
			attributes = {
				ORGANIZATIONNAME = "Redwater software";
			};
			buildConfigurationList = C01FCF4E08A954540054247B /* Build configuration list for PBXProject "GeoEvents" */;
			compatibilityVersion = "Xcode 3.1";
			developmentRegion = English;
			hasScannedForEncodings = 1;
			knownRegions = (
				English,
				Japanese,
				French,
				German,
				en,
			);
			mainGroup = 29B97314FDCFA39411CA2CEA /* CustomTemplate */;
			projectDirPath = "";
			projectRoot = "";
			targets = (
				1D6058900D05DD3D006BFB54 /* GeoEvents */,
			);
		};
/* End PBXProject section */

/* Begin PBXResourcesBuildPhase section */
		1D60588D0D05DD3D006BFB54 /* Resources */ = {
			isa = PBXResourcesBuildPhase;
			buildActionMask = 2147483647;
			files = (
				28AD73600D9D9599002E5188 /* MainWindow.xib in Resources */,
				5B3AA9A110D20A8200E81307 /* SettingsView.xib in Resources */,
				5B85658C10D6020500C8E54D /* lastfm.png in Resources */,
				A69F2542135919D90091A696 /* 3dar.plist in Resources */,
				A69F2543135919D90091A696 /* 3dar_logo.png in Resources */,
				A69F2544135919D90091A696 /* 3dar_marker_icon1.png in Resources */,
				A69F2545135919D90091A696 /* 3dar_marker_icon2.png in Resources */,
				A69F2546135919D90091A696 /* 3dar_marker_icon3.png in Resources */,
				A69F2547135919D90091A696 /* 3dar_marker_icon4.png in Resources */,
				A69F2548135919D90091A696 /* 3dar_marker_icon5.png in Resources */,
				A69F2549135919D90091A696 /* 3dar_marker_icon6.png in Resources */,
				A69F254A135919D90091A696 /* bubble1.png in Resources */,
				A69F254B135919D90091A696 /* compass_rose.png in Resources */,
				A69F254D135919D90091A696 /* pushpin_1.0.obj in Resources */,
				A69F254F135919D90091A696 /* red.png in Resources */,
				A69F2550135919D90091A696 /* SM3DAR_keys.txt in Resources */,
				A6645377135E01D700E93CF4 /* Icon.png in Resources */,
				A6645378135E01D700E93CF4 /* Default.png in Resources */,
				A648D30F135E32AC00BC529E /* sky.png in Resources */,
				A648D331135E33F400BC529E /* sphere.obj in Resources */,
				A648D387135E401100BC529E /* pano_bg.png in Resources */,
				A648D584135F9D5800BC529E /* music_icon.png in Resources */,
				A648D6D6136017AA00BC529E /* music_icon@2x.png in Resources */,
				A648D80413604E7E00BC529E /* music_icon_focused.png in Resources */,
				A648D80513604E7E00BC529E /* music_icon_focused@2x.png in Resources */,
			);
			runOnlyForDeploymentPostprocessing = 0;
		};
/* End PBXResourcesBuildPhase section */

/* Begin PBXSourcesBuildPhase section */
		1D60588E0D05DD3D006BFB54 /* Sources */ = {
			isa = PBXSourcesBuildPhase;
			buildActionMask = 2147483647;
			files = (
				1D60589B0D05DD56006BFB54 /* main.m in Sources */,
				1D3623260D0F684500981E51 /* GeoEvents_finalAppDelegate.m in Sources */,
				5BF286E210CDA142005EB7AB /* TBXML.m in Sources */,
				5BF286E310CDA142005EB7AB /* NSDataAdditions.m in Sources */,
				5BF286EA10CDA16B005EB7AB /* Event.m in Sources */,
				5BF2871E10CDE5BC005EB7AB /* MyCLController.m in Sources */,
				5BA1286F10CE6E140024ADC6 /* SearchViewViewController.m in Sources */,
				5BA1288A10CE71310024ADC6 /* DetailedViewViewController.m in Sources */,
				5B3AA9A010D20A8200E81307 /* SettingsViewController.m in Sources */,
				5B45527510D352780087F585 /* IndexViewController.m in Sources */,
				5B45541F10D3D1650087F585 /* EditableDetailCell.m in Sources */,
				8C4FD41D111B9F3700A332CA /* AboutViewController.m in Sources */,
				8CC1A9C211236DEA00BA6497 /* FacebookViewController.m in Sources */,
				8CC1A9C511236E0100BA6497 /* LastfmViewController.m in Sources */,
				8C2A61A21135BA180039EC54 /* MapViewController.m in Sources */,
				4D8721F31139308000B3CB20 /* MapMarker.m in Sources */,
				A69F254E135919D90091A696 /* PushpinView.m in Sources */,
				A69F2551135919D90091A696 /* SM3DARMapView.m in Sources */,
				A69F256B13591ACD0091A696 /* TexturedGeometryView.m in Sources */,
				A648D329135E33B900BC529E /* SphereBackgroundView.m in Sources */,
				A648D6F31360211200BC529E /* MarkerCalloutView.m in Sources */,
			);
			runOnlyForDeploymentPostprocessing = 0;
		};
/* End PBXSourcesBuildPhase section */

/* Begin XCBuildConfiguration section */
		1D6058940D05DD3E006BFB54 /* Debug */ = {
			isa = XCBuildConfiguration;
			buildSettings = {
				ALWAYS_SEARCH_USER_PATHS = NO;
				COPY_PHASE_STRIP = NO;
				GCC_DYNAMIC_NO_PIC = NO;
				GCC_OPTIMIZATION_LEVEL = 0;
				GCC_PRECOMPILE_PREFIX_HEADER = YES;
				GCC_PREFIX_HEADER = GeoEvents_Prefix.pch;
				INFOPLIST_FILE = "GeoEvents-Info.plist";
				LIBRARY_SEARCH_PATHS = (
					"$(inherited)",
					"\"$(SRCROOT)/../../../Library/iOS/build/Debug-iphoneos\"",
				);
				OTHER_LDFLAGS = "-lstdc++";
				PRODUCT_NAME = GeoEvents;
			};
			name = Debug;
		};
		1D6058950D05DD3E006BFB54 /* Release */ = {
			isa = XCBuildConfiguration;
			buildSettings = {
				ALWAYS_SEARCH_USER_PATHS = NO;
				COPY_PHASE_STRIP = YES;
				GCC_PRECOMPILE_PREFIX_HEADER = YES;
				GCC_PREFIX_HEADER = GeoEvents_Prefix.pch;
				INFOPLIST_FILE = "GeoEvents-Info.plist";
				LIBRARY_SEARCH_PATHS = (
					"$(inherited)",
					"\"$(SRCROOT)/../../../Library/iOS/build/Debug-iphoneos\"",
				);
				OTHER_LDFLAGS = "-lstdc++";
				PRODUCT_NAME = GeoEvents;
			};
			name = Release;
		};
		C01FCF4F08A954540054247B /* Debug */ = {
			isa = XCBuildConfiguration;
			buildSettings = {
				ARCHS = "$(ARCHS_STANDARD_32_BIT)";
				"CODE_SIGN_IDENTITY[sdk=iphoneos*]" = "iPhone Developer: Peter Anderson (PK484EQWS2)";
				CURRENT_PROJECT_VERSION = 6;
				GCC_C_LANGUAGE_STANDARD = c99;
				GCC_THUMB_SUPPORT = NO;
				GCC_WARN_ABOUT_RETURN_TYPE = YES;
				GCC_WARN_UNUSED_VARIABLE = YES;
				IPHONEOS_DEPLOYMENT_TARGET = 4.0;
				PREBINDING = NO;
				"PROVISIONING_PROFILE[sdk=iphoneos*]" = "249889C4-BEBC-4098-A78F-E04E2CA962FC";
				SDKROOT = iphoneos;
				TARGETED_DEVICE_FAMILY = "1,2";
				VERSIONING_SYSTEM = "apple-generic";
			};
			name = Debug;
		};
		C01FCF5008A954540054247B /* Release */ = {
			isa = XCBuildConfiguration;
			buildSettings = {
				ARCHS = "$(ARCHS_STANDARD_32_BIT)";
				"CODE_SIGN_IDENTITY[sdk=iphoneos*]" = "iPhone Developer";
				GCC_C_LANGUAGE_STANDARD = c99;
				GCC_THUMB_SUPPORT = NO;
				GCC_WARN_ABOUT_RETURN_TYPE = YES;
				GCC_WARN_UNUSED_VARIABLE = YES;
				IPHONEOS_DEPLOYMENT_TARGET = 4.0;
				PREBINDING = NO;
				SDKROOT = iphoneos;
				TARGETED_DEVICE_FAMILY = "1,2";
			};
			name = Release;
		};
/* End XCBuildConfiguration section */

/* Begin XCConfigurationList section */
		1D6058960D05DD3E006BFB54 /* Build configuration list for PBXNativeTarget "GeoEvents" */ = {
			isa = XCConfigurationList;
			buildConfigurations = (
				1D6058940D05DD3E006BFB54 /* Debug */,
				1D6058950D05DD3E006BFB54 /* Release */,
			);
			defaultConfigurationIsVisible = 0;
			defaultConfigurationName = Release;
		};
		C01FCF4E08A954540054247B /* Build configuration list for PBXProject "GeoEvents" */ = {
			isa = XCConfigurationList;
			buildConfigurations = (
				C01FCF4F08A954540054247B /* Debug */,
				C01FCF5008A954540054247B /* Release */,
			);
			defaultConfigurationIsVisible = 0;
			defaultConfigurationName = Release;
		};
/* End XCConfigurationList section */
	};
	rootObject = 29B97313FDCFA39411CA2CEA /* Project object */;
}
